
Microsoft Visual Studio Solution File, Format Version 12.00
# Visual Studio Version 16
VisualStudioVersion = 16.0.29709.97
MinimumVisualStudioVersion = 10.0.40219.1
Project("{FAE04EC0-301F-11D3-BF4B-00C04F79EFBC}") = "Jabin_Choi_Excercise1", "Jabin_Choi_Excercise1\Jabin_Choi_Excercise1.csproj", "{6F8B54D2-8C76-4546-8951-D43ECB51E8A0}"
EndProject
Project("{FAE04EC0-301F-11D3-BF4B-00C04F79EFBC}") = "Jabin_Choi_Excercise2", "Jabin_Choi_Excercise2\Jabin_Choi_Excercise2.csproj", "{98915D73-23A2-4EFC-A87C-B2235840E0F0}"
EndProject
Global
	GlobalSection(SolutionConfigurationPlatforms) = preSolution
		Debug|Any CPU = Debug|Any CPU
		Release|Any CPU = Release|Any CPU
	EndGlobalSection
	GlobalSection(ProjectConfigurationPlatforms) = postSolution
		{6F8B54D2-8C76-4546-8951-D43ECB51E8A0}.Debug|Any CPU.ActiveCfg = Debug|Any CPU
		{6F8B54D2-8C76-4546-8951-D43ECB51E8A0}.Debug|Any CPU.Build.0 = Debug|Any CPU
		{6F8B54D2-8C76-4546-8951-D43ECB51E8A0}.Release|Any CPU.ActiveCfg = Release|Any CPU
		{6F8B54D2-8C76-4546-8951-D43ECB51E8A0}.Release|Any CPU.Build.0 = Release|Any CPU
		{98915D73-23A2-4EFC-A87C-B2235840E0F0}.Debug|Any CPU.ActiveCfg = Debug|Any CPU
		{98915D73-23A2-4EFC-A87C-B2235840E0F0}.Debug|Any CPU.Build.0 = Debug|Any CPU
		{98915D73-23A2-4EFC-A87C-B2235840E0F0}.Release|Any CPU.ActiveCfg = Release|Any CPU
		{98915D73-23A2-4EFC-A87C-B2235840E0F0}.Release|Any CPU.Build.0 = Release|Any CPU
	EndGlobalSection
	GlobalSection(SolutionProperties) = preSolution
		HideSolutionNode = FALSE
	EndGlobalSection
	GlobalSection(ExtensibilityGlobals) = postSolution
		SolutionGuid = {421DF611-B1A9-4AA1-8B14-16E3225DD3F8}
	EndGlobalSection
EndGlobal
