
Microsoft Visual Studio Solution File, Format Version 12.00
# Visual Studio Version 16
VisualStudioVersion = 16.0.30011.22
MinimumVisualStudioVersion = 10.0.40219.1
Project("{FAE04EC0-301F-11D3-BF4B-00C04F79EFBC}") = "RemoveDuplicatesFromSortedArray", "RemoveDuplicatesFromSortedArray\RemoveDuplicatesFromSortedArray.csproj", "{FE7E20F5-62B0-409A-A034-DA8079D551CC}"
EndProject
Global
	GlobalSection(SolutionConfigurationPlatforms) = preSolution
		Debug|Any CPU = Debug|Any CPU
		Release|Any CPU = Release|Any CPU
	EndGlobalSection
	GlobalSection(ProjectConfigurationPlatforms) = postSolution
		{FE7E20F5-62B0-409A-A034-DA8079D551CC}.Debug|Any CPU.ActiveCfg = Debug|Any CPU
		{FE7E20F5-62B0-409A-A034-DA8079D551CC}.Debug|Any CPU.Build.0 = Debug|Any CPU
		{FE7E20F5-62B0-409A-A034-DA8079D551CC}.Release|Any CPU.ActiveCfg = Release|Any CPU
		{FE7E20F5-62B0-409A-A034-DA8079D551CC}.Release|Any CPU.Build.0 = Release|Any CPU
	EndGlobalSection
	GlobalSection(SolutionProperties) = preSolution
		HideSolutionNode = FALSE
	EndGlobalSection
	GlobalSection(ExtensibilityGlobals) = postSolution
		SolutionGuid = {E17539CD-EE02-489D-8877-4282A9CF4DDC}
	EndGlobalSection
EndGlobal
