
Microsoft Visual Studio Solution File, Format Version 12.00
# Visual Studio Version 16
VisualStudioVersion = 16.0.30011.22
MinimumVisualStudioVersion = 10.0.40219.1
Project("{FAE04EC0-301F-11D3-BF4B-00C04F79EFBC}") = "MergedList", "MergedList\MergedList.csproj", "{EB926645-E1C8-4939-80A6-552D8B9C8C39}"
EndProject
Global
	GlobalSection(SolutionConfigurationPlatforms) = preSolution
		Debug|Any CPU = Debug|Any CPU
		Release|Any CPU = Release|Any CPU
	EndGlobalSection
	GlobalSection(ProjectConfigurationPlatforms) = postSolution
		{EB926645-E1C8-4939-80A6-552D8B9C8C39}.Debug|Any CPU.ActiveCfg = Debug|Any CPU
		{EB926645-E1C8-4939-80A6-552D8B9C8C39}.Debug|Any CPU.Build.0 = Debug|Any CPU
		{EB926645-E1C8-4939-80A6-552D8B9C8C39}.Release|Any CPU.ActiveCfg = Release|Any CPU
		{EB926645-E1C8-4939-80A6-552D8B9C8C39}.Release|Any CPU.Build.0 = Release|Any CPU
	EndGlobalSection
	GlobalSection(SolutionProperties) = preSolution
		HideSolutionNode = FALSE
	EndGlobalSection
	GlobalSection(ExtensibilityGlobals) = postSolution
		SolutionGuid = {98A965D5-0D39-4147-BCED-59E8BC879062}
	EndGlobalSection
EndGlobal
