
Microsoft Visual Studio Solution File, Format Version 12.00
# Visual Studio Version 16
VisualStudioVersion = 16.0.29709.97
MinimumVisualStudioVersion = 10.0.40219.1
Project("{FAE04EC0-301F-11D3-BF4B-00C04F79EFBC}") = "BookExamples", "BookExamples\BookExamples.csproj", "{E21B6959-85D0-4B89-93AA-8E13244D05ED}"
EndProject
Project("{FAE04EC0-301F-11D3-BF4B-00C04F79EFBC}") = "Jabin-Choi_Excercise01", "Jabin-Choi_Excercise01\Jabin-Choi_Excercise01.csproj", "{E825DA9E-2624-49F4-9A91-715D8CB03A48}"
EndProject
Project("{FAE04EC0-301F-11D3-BF4B-00C04F79EFBC}") = "BaseballExamples", "BaseballExamples\BaseballExamples.csproj", "{69ED722B-BC0A-4547-9412-F61E5E29C424}"
EndProject
Project("{FAE04EC0-301F-11D3-BF4B-00C04F79EFBC}") = "Jabin-Choi_Excercise02", "Jabin-Choi_Excercise02\Jabin-Choi_Excercise02.csproj", "{FC1EDAE2-2DF3-4210-8101-C00AFEDCB854}"
EndProject
Global
	GlobalSection(SolutionConfigurationPlatforms) = preSolution
		Debug|Any CPU = Debug|Any CPU
		Release|Any CPU = Release|Any CPU
	EndGlobalSection
	GlobalSection(ProjectConfigurationPlatforms) = postSolution
		{E21B6959-85D0-4B89-93AA-8E13244D05ED}.Debug|Any CPU.ActiveCfg = Debug|Any CPU
		{E21B6959-85D0-4B89-93AA-8E13244D05ED}.Debug|Any CPU.Build.0 = Debug|Any CPU
		{E21B6959-85D0-4B89-93AA-8E13244D05ED}.Release|Any CPU.ActiveCfg = Release|Any CPU
		{E21B6959-85D0-4B89-93AA-8E13244D05ED}.Release|Any CPU.Build.0 = Release|Any CPU
		{E825DA9E-2624-49F4-9A91-715D8CB03A48}.Debug|Any CPU.ActiveCfg = Debug|Any CPU
		{E825DA9E-2624-49F4-9A91-715D8CB03A48}.Debug|Any CPU.Build.0 = Debug|Any CPU
		{E825DA9E-2624-49F4-9A91-715D8CB03A48}.Release|Any CPU.ActiveCfg = Release|Any CPU
		{E825DA9E-2624-49F4-9A91-715D8CB03A48}.Release|Any CPU.Build.0 = Release|Any CPU
		{69ED722B-BC0A-4547-9412-F61E5E29C424}.Debug|Any CPU.ActiveCfg = Debug|Any CPU
		{69ED722B-BC0A-4547-9412-F61E5E29C424}.Debug|Any CPU.Build.0 = Debug|Any CPU
		{69ED722B-BC0A-4547-9412-F61E5E29C424}.Release|Any CPU.ActiveCfg = Release|Any CPU
		{69ED722B-BC0A-4547-9412-F61E5E29C424}.Release|Any CPU.Build.0 = Release|Any CPU
		{FC1EDAE2-2DF3-4210-8101-C00AFEDCB854}.Debug|Any CPU.ActiveCfg = Debug|Any CPU
		{FC1EDAE2-2DF3-4210-8101-C00AFEDCB854}.Debug|Any CPU.Build.0 = Debug|Any CPU
		{FC1EDAE2-2DF3-4210-8101-C00AFEDCB854}.Release|Any CPU.ActiveCfg = Release|Any CPU
		{FC1EDAE2-2DF3-4210-8101-C00AFEDCB854}.Release|Any CPU.Build.0 = Release|Any CPU
	EndGlobalSection
	GlobalSection(SolutionProperties) = preSolution
		HideSolutionNode = FALSE
	EndGlobalSection
	GlobalSection(ExtensibilityGlobals) = postSolution
		SolutionGuid = {EA7A86A6-0C20-4D0E-85EF-55920B0837E0}
	EndGlobalSection
EndGlobal
