
Microsoft Visual Studio Solution File, Format Version 12.00
# Visual Studio Version 16
VisualStudioVersion = 16.0.29709.97
MinimumVisualStudioVersion = 10.0.40219.1
Project("{FAE04EC0-301F-11D3-BF4B-00C04F79EFBC}") = "BooksExamples", "BooksExamples\BooksExamples.csproj", "{210B2E92-D58A-487E-BC05-3BB508B64191}"
EndProject
Project("{FAE04EC0-301F-11D3-BF4B-00C04F79EFBC}") = "Jabin-Choi_Sec004_Excercise01", "Jabin-Choi_Sec004_Excercise01\Jabin-Choi_Sec004_Excercise01.csproj", "{9B117DC0-256A-425D-BBBE-47DA06626268}"
EndProject
Project("{FAE04EC0-301F-11D3-BF4B-00C04F79EFBC}") = "BaseBallExamples", "BaseBallExamples\BaseBallExamples.csproj", "{3EC04675-1E78-4738-A7B6-CBB515FE98DD}"
EndProject
Project("{FAE04EC0-301F-11D3-BF4B-00C04F79EFBC}") = "Jabin-Choi_Sec004_Excercise02", "Jabin-Choi_Sec004_Excercise02\Jabin-Choi_Sec004_Excercise02.csproj", "{59C96079-B354-4654-A467-469051EBFD2D}"
EndProject
Project("{FAE04EC0-301F-11D3-BF4B-00C04F79EFBC}") = "Jabin-Choi_Sec004_Excercise03", "Jabin-Choi_Sec004_Excercise03\Jabin-Choi_Sec004_Excercise03.csproj", "{82CABA38-ECC8-406F-92A3-349E27A30F2D}"
EndProject
Global
	GlobalSection(SolutionConfigurationPlatforms) = preSolution
		Debug|Any CPU = Debug|Any CPU
		Release|Any CPU = Release|Any CPU
	EndGlobalSection
	GlobalSection(ProjectConfigurationPlatforms) = postSolution
		{210B2E92-D58A-487E-BC05-3BB508B64191}.Debug|Any CPU.ActiveCfg = Debug|Any CPU
		{210B2E92-D58A-487E-BC05-3BB508B64191}.Debug|Any CPU.Build.0 = Debug|Any CPU
		{210B2E92-D58A-487E-BC05-3BB508B64191}.Release|Any CPU.ActiveCfg = Release|Any CPU
		{210B2E92-D58A-487E-BC05-3BB508B64191}.Release|Any CPU.Build.0 = Release|Any CPU
		{9B117DC0-256A-425D-BBBE-47DA06626268}.Debug|Any CPU.ActiveCfg = Debug|Any CPU
		{9B117DC0-256A-425D-BBBE-47DA06626268}.Debug|Any CPU.Build.0 = Debug|Any CPU
		{9B117DC0-256A-425D-BBBE-47DA06626268}.Release|Any CPU.ActiveCfg = Release|Any CPU
		{9B117DC0-256A-425D-BBBE-47DA06626268}.Release|Any CPU.Build.0 = Release|Any CPU
		{3EC04675-1E78-4738-A7B6-CBB515FE98DD}.Debug|Any CPU.ActiveCfg = Debug|Any CPU
		{3EC04675-1E78-4738-A7B6-CBB515FE98DD}.Debug|Any CPU.Build.0 = Debug|Any CPU
		{3EC04675-1E78-4738-A7B6-CBB515FE98DD}.Release|Any CPU.ActiveCfg = Release|Any CPU
		{3EC04675-1E78-4738-A7B6-CBB515FE98DD}.Release|Any CPU.Build.0 = Release|Any CPU
		{59C96079-B354-4654-A467-469051EBFD2D}.Debug|Any CPU.ActiveCfg = Debug|Any CPU
		{59C96079-B354-4654-A467-469051EBFD2D}.Debug|Any CPU.Build.0 = Debug|Any CPU
		{59C96079-B354-4654-A467-469051EBFD2D}.Release|Any CPU.ActiveCfg = Release|Any CPU
		{59C96079-B354-4654-A467-469051EBFD2D}.Release|Any CPU.Build.0 = Release|Any CPU
		{82CABA38-ECC8-406F-92A3-349E27A30F2D}.Debug|Any CPU.ActiveCfg = Debug|Any CPU
		{82CABA38-ECC8-406F-92A3-349E27A30F2D}.Debug|Any CPU.Build.0 = Debug|Any CPU
		{82CABA38-ECC8-406F-92A3-349E27A30F2D}.Release|Any CPU.ActiveCfg = Release|Any CPU
		{82CABA38-ECC8-406F-92A3-349E27A30F2D}.Release|Any CPU.Build.0 = Release|Any CPU
	EndGlobalSection
	GlobalSection(SolutionProperties) = preSolution
		HideSolutionNode = FALSE
	EndGlobalSection
	GlobalSection(ExtensibilityGlobals) = postSolution
		SolutionGuid = {D7F852D3-8B54-4E14-BAB6-9BFD1295D8A2}
	EndGlobalSection
EndGlobal
